
Microsoft Visual Studio Solution File, Format Version 12.00
# Visual Studio 15
VisualStudioVersion = 15.0.27428.2027
MinimumVisualStudioVersion = 10.0.40219.1
Project("{FAE04EC0-301F-11D3-BF4B-00C04F79EFBC}") = "GeTorneo", "GeTorneo\GeTorneo.csproj", "{B039BE60-B391-4EBC-9C68-FF29AFA6C1EE}"
EndProject
Project("{FAE04EC0-301F-11D3-BF4B-00C04F79EFBC}") = "GeTorneo.Tests", "GeTorneo.Tests\GeTorneo.Tests.csproj", "{6E6AA19B-B5B5-4AF3-9529-5CB749C2E366}"
EndProject
Global
	GlobalSection(SolutionConfigurationPlatforms) = preSolution
		Debug|Any CPU = Debug|Any CPU
		Release|Any CPU = Release|Any CPU
	EndGlobalSection
	GlobalSection(ProjectConfigurationPlatforms) = postSolution
		{B039BE60-B391-4EBC-9C68-FF29AFA6C1EE}.Debug|Any CPU.ActiveCfg = Debug|Any CPU
		{B039BE60-B391-4EBC-9C68-FF29AFA6C1EE}.Debug|Any CPU.Build.0 = Debug|Any CPU
		{B039BE60-B391-4EBC-9C68-FF29AFA6C1EE}.Release|Any CPU.ActiveCfg = Release|Any CPU
		{B039BE60-B391-4EBC-9C68-FF29AFA6C1EE}.Release|Any CPU.Build.0 = Release|Any CPU
		{6E6AA19B-B5B5-4AF3-9529-5CB749C2E366}.Debug|Any CPU.ActiveCfg = Debug|Any CPU
		{6E6AA19B-B5B5-4AF3-9529-5CB749C2E366}.Debug|Any CPU.Build.0 = Debug|Any CPU
		{6E6AA19B-B5B5-4AF3-9529-5CB749C2E366}.Release|Any CPU.ActiveCfg = Release|Any CPU
		{6E6AA19B-B5B5-4AF3-9529-5CB749C2E366}.Release|Any CPU.Build.0 = Release|Any CPU
	EndGlobalSection
	GlobalSection(SolutionProperties) = preSolution
		HideSolutionNode = FALSE
	EndGlobalSection
	GlobalSection(ExtensibilityGlobals) = postSolution
		SolutionGuid = {560D10BA-3B48-46FD-9E9A-C2516FD4C568}
	EndGlobalSection
EndGlobal
